
Microsoft Visual Studio Solution File, Format Version 12.00
# Visual Studio Version 17
VisualStudioVersion = 17.13.35825.156 d17.13
MinimumVisualStudioVersion = 10.0.40219.1
Project("{FAE04EC0-301F-11D3-BF4B-00C04F79EFBC}") = "ClassExample", "ClassExample.csproj", "{65D544B4-F9B5-4727-9D06-2092A5C66496}"
EndProject
Global
	GlobalSection(SolutionConfigurationPlatforms) = preSolution
		Debug|Any CPU = Debug|Any CPU
		Release|Any CPU = Release|Any CPU
	EndGlobalSection
	GlobalSection(ProjectConfigurationPlatforms) = postSolution
		{65D544B4-F9B5-4727-9D06-2092A5C66496}.Debug|Any CPU.ActiveCfg = Debug|Any CPU
		{65D544B4-F9B5-4727-9D06-2092A5C66496}.Debug|Any CPU.Build.0 = Debug|Any CPU
		{65D544B4-F9B5-4727-9D06-2092A5C66496}.Release|Any CPU.ActiveCfg = Release|Any CPU
		{65D544B4-F9B5-4727-9D06-2092A5C66496}.Release|Any CPU.Build.0 = Release|Any CPU
	EndGlobalSection
	GlobalSection(SolutionProperties) = preSolution
		HideSolutionNode = FALSE
	EndGlobalSection
	GlobalSection(ExtensibilityGlobals) = postSolution
		SolutionGuid = {70E02349-9C73-4209-810B-FFFF91C5045F}
	EndGlobalSection
EndGlobal
